<?xml version="1.0" encoding="utf-8"?>
<Project ToolsVersion="4.0" xmlns="http://schemas.microsoft.com/developer/msbuild/2003">
  <ItemGroup>
    <Filter Include="Source Files">
      <UniqueIdentifier>{4FC737F1-C7A5-4376-A066-2A32D752A2FF}</UniqueIdentifier>
      <Extensions>cpp;c;cc;cxx;c++;cppm;ixx;def;odl;idl;hpj;bat;asm;asmx</Extensions>
    </Filter>
    <Filter Include="Header Files">
      <UniqueIdentifier>{93995380-89BD-4b04-88EB-625FBE52EBFB}</UniqueIdentifier>
      <Extensions>h;hh;hpp;hxx;h++;hm;inl;inc;ipp;xsd</Extensions>
    </Filter>
    <Filter Include="Resource Files">
      <UniqueIdentifier>{67DA6AB6-F800-4c08-8B7A-83BB121AAD01}</UniqueIdentifier>
      <Extensions>rc;ico;cur;bmp;dlg;rc2;rct;bin;rgs;gif;jpg;jpeg;jpe;resx;tiff;tif;png;wav;mfcribbon-ms</Extensions>
    </Filter>
    <Filter Include="Resource Files\Shaders">
      <UniqueIdentifier>{dae43e64-aefc-4591-9952-e414d6abb095}</UniqueIdentifier>
    </Filter>
    <Filter Include="Resource Files\Shaders\debug_grid">
      <UniqueIdentifier>{49913299-190d-44ce-b399-518e8f6b92fb}</UniqueIdentifier>
    </Filter>
    <Filter Include="Resource Files\Shaders\default">
      <UniqueIdentifier>{09e20703-abff-4de9-b566-c1e3077d6502}</UniqueIdentifier>
    </Filter>
    <Filter Include="Resource Files\Shaders\text">
      <UniqueIdentifier>{a48ac42d-fd96-491f-9d3a-34c4a0412856}</UniqueIdentifier>
    </Filter>
    <Filter Include="Resource Files\Textures">
      <UniqueIdentifier>{2f5754e4-075d-4395-ab9b-c0ebccc9b46c}</UniqueIdentifier>
    </Filter>
    <Filter Include="Resource Files\Shaders\button">
      <UniqueIdentifier>{621e3fd2-910e-48b1-91f9-ec453338afc9}</UniqueIdentifier>
    </Filter>
    <Filter Include="Resource Files\git">
      <UniqueIdentifier>{d7ad4714-01cf-4747-80ea-25559bd2d425}</UniqueIdentifier>
    </Filter>
    <Filter Include="Resource Files\Shaders\sphere">
      <UniqueIdentifier>{6126c959-1c0f-402d-ac3a-cc81a8846627}</UniqueIdentifier>
    </Filter>
    <Filter Include="Resource Files\Shaders\skydome">
      <UniqueIdentifier>{4a93669f-150a-4ca0-96fe-5de28986f74f}</UniqueIdentifier>
    </Filter>
  </ItemGroup>
  <ItemGroup>
    <ClCompile Include="main.cpp">
      <Filter>Source Files</Filter>
    </ClCompile>
    <ClCompile Include="glad.c">
      <Filter>Source Files</Filter>
    </ClCompile>
    <ClCompile Include="Phys_Object.cpp">
      <Filter>Source Files</Filter>
    </ClCompile>
    <ClCompile Include="EBO.cpp">
      <Filter>Source Files</Filter>
    </ClCompile>
    <ClCompile Include="FBO.cpp">
      <Filter>Source Files</Filter>
    </ClCompile>
    <ClCompile Include="VAO.cpp">
      <Filter>Source Files</Filter>
    </ClCompile>
    <ClCompile Include="VBO.cpp">
      <Filter>Source Files</Filter>
    </ClCompile>
    <ClCompile Include="Shader.cpp">
      <Filter>Source Files</Filter>
    </ClCompile>
    <ClCompile Include="Mesh.cpp">
      <Filter>Source Files</Filter>
    </ClCompile>
    <ClCompile Include="Texture.cpp">
      <Filter>Source Files</Filter>
    </ClCompile>
    <ClCompile Include="stb.cpp">
      <Filter>Source Files</Filter>
    </ClCompile>
    <ClCompile Include="debugCamera.cpp">
      <Filter>Source Files</Filter>
    </ClCompile>
    <ClCompile Include="Player.cpp">
      <Filter>Source Files</Filter>
    </ClCompile>
    <ClCompile Include="Phys.cpp">
      <Filter>Source Files</Filter>
    </ClCompile>
    <ClCompile Include="Font.cpp">
      <Filter>Source Files</Filter>
    </ClCompile>
    <ClCompile Include="Button.cpp">
      <Filter>Source Files</Filter>
    </ClCompile>
    <ClCompile Include="resourceManager.cpp">
      <Filter>Source Files</Filter>
    </ClCompile>
    <ClCompile Include="Game.cpp">
      <Filter>Source Files</Filter>
    </ClCompile>
    <ClCompile Include="Terrain.cpp">
      <Filter>Source Files</Filter>
    </ClCompile>
    <ClCompile Include="Sky.cpp">
      <Filter>Source Files</Filter>
    </ClCompile>
  </ItemGroup>
  <ItemGroup>
    <ClInclude Include="Phys_Object.h">
      <Filter>Header Files</Filter>
    </ClInclude>
    <ClInclude Include="EBO.h">
      <Filter>Header Files</Filter>
    </ClInclude>
    <ClInclude Include="FBO.h">
      <Filter>Header Files</Filter>
    </ClInclude>
    <ClInclude Include="VAO.h">
      <Filter>Header Files</Filter>
    </ClInclude>
    <ClInclude Include="VBO.h">
      <Filter>Header Files</Filter>
    </ClInclude>
    <ClInclude Include="Shader.h">
      <Filter>Header Files</Filter>
    </ClInclude>
    <ClInclude Include="Mesh.h">
      <Filter>Header Files</Filter>
    </ClInclude>
    <ClInclude Include="Texture.h">
      <Filter>Header Files</Filter>
    </ClInclude>
    <ClInclude Include="debugCamera.h">
      <Filter>Header Files</Filter>
    </ClInclude>
    <ClInclude Include="Player.h">
      <Filter>Header Files</Filter>
    </ClInclude>
    <ClInclude Include="Phys.h">
      <Filter>Header Files</Filter>
    </ClInclude>
    <ClInclude Include="Font.h">
      <Filter>Header Files</Filter>
    </ClInclude>
    <ClInclude Include="Button.h">
      <Filter>Header Files</Filter>
    </ClInclude>
    <ClInclude Include="resourceManager.h">
      <Filter>Header Files</Filter>
    </ClInclude>
    <ClInclude Include="Game.h">
      <Filter>Header Files</Filter>
    </ClInclude>
    <ClInclude Include="Terrain.h">
      <Filter>Header Files</Filter>
    </ClInclude>
    <ClInclude Include="Sky.h">
      <Filter>Header Files</Filter>
    </ClInclude>
  </ItemGroup>
  <ItemGroup>
    <None Include="shaders\debug_grid.frag">
      <Filter>Resource Files\Shaders\debug_grid</Filter>
    </None>
    <None Include="shaders\debug_grid.geom">
      <Filter>Resource Files\Shaders\debug_grid</Filter>
    </None>
    <None Include="shaders\debug_grid.tesc">
      <Filter>Resource Files\Shaders\debug_grid</Filter>
    </None>
    <None Include="shaders\debug_grid.tese">
      <Filter>Resource Files\Shaders\debug_grid</Filter>
    </None>
    <None Include="shaders\debug_grid.vert">
      <Filter>Resource Files\Shaders\debug_grid</Filter>
    </None>
    <None Include="shaders\default.frag">
      <Filter>Resource Files\Shaders\default</Filter>
    </None>
    <None Include="shaders\default.geom">
      <Filter>Resource Files\Shaders\default</Filter>
    </None>
    <None Include="shaders\default.vert">
      <Filter>Resource Files\Shaders\default</Filter>
    </None>
    <None Include="shaders\text.frag">
      <Filter>Resource Files\Shaders\text</Filter>
    </None>
    <None Include="shaders\text.vert">
      <Filter>Resource Files\Shaders\text</Filter>
    </None>
    <None Include="shaders\button.frag">
      <Filter>Resource Files\Shaders\button</Filter>
    </None>
    <None Include="shaders\button.vert">
      <Filter>Resource Files\Shaders\button</Filter>
    </None>
    <None Include=".gitattributes">
      <Filter>Resource Files\git</Filter>
    </None>
    <None Include=".gitignore">
      <Filter>Resource Files\git</Filter>
    </None>
    <None Include="shaders\sphere.geom">
      <Filter>Resource Files\Shaders\sphere</Filter>
    </None>
    <None Include="shaders\sphere.vert">
      <Filter>Resource Files\Shaders\sphere</Filter>
    </None>
    <None Include="shaders\sphere.frag">
      <Filter>Resource Files\Shaders\sphere</Filter>
    </None>
    <None Include="shaders\skydome.frag">
      <Filter>Resource Files\Shaders\skydome</Filter>
    </None>
    <None Include="shaders\skydome.geom">
      <Filter>Resource Files\Shaders\skydome</Filter>
    </None>
    <None Include="shaders\skydome.vert">
      <Filter>Resource Files\Shaders\skydome</Filter>
    </None>
  </ItemGroup>
  <ItemGroup>
    <Image Include="resources\debug_buttonDefault.png">
      <Filter>Resource Files\Textures</Filter>
    </Image>
    <Image Include="resources\debug_buttonHover.png">
      <Filter>Resource Files\Textures</Filter>
    </Image>
    <Image Include="resources\debug_buttonPress.png">
      <Filter>Resource Files\Textures</Filter>
    </Image>
  </ItemGroup>
</Project>